
Microsoft Visual Studio Solution File, Format Version 12.00
# Visual Studio Version 16
VisualStudioVersion = 16.0.31129.286
MinimumVisualStudioVersion = 10.0.40219.1
Project("{FAE04EC0-301F-11D3-BF4B-00C04F79EFBC}") = "StuFinance", "StuFinance\StuFinance.csproj", "{8613DF78-C37F-4AEF-8629-74A685CA230D}"
EndProject
Global
	GlobalSection(SolutionConfigurationPlatforms) = preSolution
		Debug|Any CPU = Debug|Any CPU
		Release|Any CPU = Release|Any CPU
	EndGlobalSection
	GlobalSection(ProjectConfigurationPlatforms) = postSolution
		{8613DF78-C37F-4AEF-8629-74A685CA230D}.Debug|Any CPU.ActiveCfg = Debug|Any CPU
		{8613DF78-C37F-4AEF-8629-74A685CA230D}.Debug|Any CPU.Build.0 = Debug|Any CPU
		{8613DF78-C37F-4AEF-8629-74A685CA230D}.Release|Any CPU.ActiveCfg = Release|Any CPU
		{8613DF78-C37F-4AEF-8629-74A685CA230D}.Release|Any CPU.Build.0 = Release|Any CPU
	EndGlobalSection
	GlobalSection(SolutionProperties) = preSolution
		HideSolutionNode = FALSE
	EndGlobalSection
	GlobalSection(ExtensibilityGlobals) = postSolution
		SolutionGuid = {16ED5B9D-7A37-4BC8-A2A6-665610DE0404}
	EndGlobalSection
EndGlobal
